# This file is autogenerated, do not edit; changes may be undone by the next 'dep ensure'.


[[projects]]
  name = "github.com/go-chi/chi"
  packages = [
    ".",
    "middleware"
  ]
  revision = "e83ac2304db3c50cf03d96a2fcd39009d458bc35"
  version = "v3.3.2"

[[projects]]
  name = "github.com/go-chi/render"
  packages = ["."]
  revision = "3215478343fbc559bd3fc08f7031bb134d6bdad5"
  version = "v1.0.1"

[[projects]]
  name = "github.com/google/uuid"
  packages = ["."]
  revision = "064e2069ce9c359c118179501254f67d7d37ba24"
  version = "0.2"

[[projects]]
  name = "github.com/jessevdk/go-flags"
  packages = ["."]
  revision = "c6ca198ec95c841fdb89fc0de7496fed11ab854e"
  version = "v1.4.0"

[[projects]]
  branch = "master"
  name = "github.com/pkg4go/rewrite"
  packages = ["."]
  revision = "7a613570d084fe7506c069d2cd8216d4795bd7e0"

[solve-meta]
  analyzer-name = "dep"
  analyzer-version = 1
  inputs-digest = "67169f53390fa190d3e091e3d725ff556e4ca1b4e886cb3935b00a767ccb3395"
  solver-name = "gps-cdcl"
  solver-version = 1
